
Microsoft Visual Studio Solution File, Format Version 12.00
# Visual Studio Version 16
VisualStudioVersion = 16.0.30413.136
MinimumVisualStudioVersion = 10.0.40219.1
Project("{888888A0-9F3D-457C-B088-3A5042F75D52}") = "HypeSpace", "HypeSpace\HypeSpace.pyproj", "{3698D9BD-58E8-4F47-8DD9-1EADE2199DEE}"
EndProject
Global
	GlobalSection(SolutionConfigurationPlatforms) = preSolution
		Debug|Any CPU = Debug|Any CPU
		Release|Any CPU = Release|Any CPU
	EndGlobalSection
	GlobalSection(ProjectConfigurationPlatforms) = postSolution
		{3698D9BD-58E8-4F47-8DD9-1EADE2199DEE}.Debug|Any CPU.ActiveCfg = Debug|Any CPU
		{3698D9BD-58E8-4F47-8DD9-1EADE2199DEE}.Debug|Any CPU.Build.0 = Debug|Any CPU
		{3698D9BD-58E8-4F47-8DD9-1EADE2199DEE}.Release|Any CPU.ActiveCfg = Release|Any CPU
		{3698D9BD-58E8-4F47-8DD9-1EADE2199DEE}.Release|Any CPU.Build.0 = Release|Any CPU
	EndGlobalSection
	GlobalSection(SolutionProperties) = preSolution
		HideSolutionNode = FALSE
	EndGlobalSection
	GlobalSection(ExtensibilityGlobals) = postSolution
		SolutionGuid = {467D993E-538D-49D2-879F-F5ADD9A73071}
	EndGlobalSection
EndGlobal
